
Microsoft Visual Studio Solution File, Format Version 12.00
# Visual Studio Version 16
VisualStudioVersion = 16.0.31019.35
MinimumVisualStudioVersion = 10.0.40219.1
Project("{8BC9CEB8-8B4A-11D0-8D11-00A0C91BC942}") = "Задание 3", "Задание 3\Задание 3.vcxproj", "{318D5A0F-2FF3-4E95-A146-6A623A3FA950}"
EndProject
Global
	GlobalSection(SolutionConfigurationPlatforms) = preSolution
		Debug|x64 = Debug|x64
		Debug|x86 = Debug|x86
		Release|x64 = Release|x64
		Release|x86 = Release|x86
	EndGlobalSection
	GlobalSection(ProjectConfigurationPlatforms) = postSolution
		{318D5A0F-2FF3-4E95-A146-6A623A3FA950}.Debug|x64.ActiveCfg = Debug|x64
		{318D5A0F-2FF3-4E95-A146-6A623A3FA950}.Debug|x64.Build.0 = Debug|x64
		{318D5A0F-2FF3-4E95-A146-6A623A3FA950}.Debug|x86.ActiveCfg = Debug|Win32
		{318D5A0F-2FF3-4E95-A146-6A623A3FA950}.Debug|x86.Build.0 = Debug|Win32
		{318D5A0F-2FF3-4E95-A146-6A623A3FA950}.Release|x64.ActiveCfg = Release|x64
		{318D5A0F-2FF3-4E95-A146-6A623A3FA950}.Release|x64.Build.0 = Release|x64
		{318D5A0F-2FF3-4E95-A146-6A623A3FA950}.Release|x86.ActiveCfg = Release|Win32
		{318D5A0F-2FF3-4E95-A146-6A623A3FA950}.Release|x86.Build.0 = Release|Win32
	EndGlobalSection
	GlobalSection(SolutionProperties) = preSolution
		HideSolutionNode = FALSE
	EndGlobalSection
	GlobalSection(ExtensibilityGlobals) = postSolution
		SolutionGuid = {CA5B5ACE-73D6-4279-89D3-ADBFC8011AAC}
	EndGlobalSection
EndGlobal
